
Microsoft Visual Studio Solution File, Format Version 12.00
# Visual Studio 14
VisualStudioVersion = 14.0.25420.1
MinimumVisualStudioVersion = 10.0.40219.1
Project("{FAE04EC0-301F-11D3-BF4B-00C04F79EFBC}") = "Version 1", "Version 1\Version 1.csproj", "{5AE75EAB-02BB-4BAB-ACC0-75C9D46A6D57}"
EndProject
Project("{FAE04EC0-301F-11D3-BF4B-00C04F79EFBC}") = "BookStoreSelfHost", "BookStoreSelfHost\BookStoreSelfHost.csproj", "{1B0FF878-A233-4714-B4A4-C6BCA1B231F8}"
EndProject
Global
	GlobalSection(SolutionConfigurationPlatforms) = preSolution
		Debug|Any CPU = Debug|Any CPU
		Debug|ARM = Debug|ARM
		Debug|x64 = Debug|x64
		Debug|x86 = Debug|x86
		Release|Any CPU = Release|Any CPU
		Release|ARM = Release|ARM
		Release|x64 = Release|x64
		Release|x86 = Release|x86
	EndGlobalSection
	GlobalSection(ProjectConfigurationPlatforms) = postSolution
		{5AE75EAB-02BB-4BAB-ACC0-75C9D46A6D57}.Debug|Any CPU.ActiveCfg = Debug|Any CPU
		{5AE75EAB-02BB-4BAB-ACC0-75C9D46A6D57}.Debug|Any CPU.Build.0 = Debug|Any CPU
		{5AE75EAB-02BB-4BAB-ACC0-75C9D46A6D57}.Debug|ARM.ActiveCfg = Debug|Any CPU
		{5AE75EAB-02BB-4BAB-ACC0-75C9D46A6D57}.Debug|ARM.Build.0 = Debug|Any CPU
		{5AE75EAB-02BB-4BAB-ACC0-75C9D46A6D57}.Debug|x64.ActiveCfg = Debug|Any CPU
		{5AE75EAB-02BB-4BAB-ACC0-75C9D46A6D57}.Debug|x64.Build.0 = Debug|Any CPU
		{5AE75EAB-02BB-4BAB-ACC0-75C9D46A6D57}.Debug|x86.ActiveCfg = Debug|Any CPU
		{5AE75EAB-02BB-4BAB-ACC0-75C9D46A6D57}.Debug|x86.Build.0 = Debug|Any CPU
		{5AE75EAB-02BB-4BAB-ACC0-75C9D46A6D57}.Release|Any CPU.ActiveCfg = Release|Any CPU
		{5AE75EAB-02BB-4BAB-ACC0-75C9D46A6D57}.Release|Any CPU.Build.0 = Release|Any CPU
		{5AE75EAB-02BB-4BAB-ACC0-75C9D46A6D57}.Release|ARM.ActiveCfg = Release|Any CPU
		{5AE75EAB-02BB-4BAB-ACC0-75C9D46A6D57}.Release|ARM.Build.0 = Release|Any CPU
		{5AE75EAB-02BB-4BAB-ACC0-75C9D46A6D57}.Release|x64.ActiveCfg = Release|Any CPU
		{5AE75EAB-02BB-4BAB-ACC0-75C9D46A6D57}.Release|x64.Build.0 = Release|Any CPU
		{5AE75EAB-02BB-4BAB-ACC0-75C9D46A6D57}.Release|x86.ActiveCfg = Release|Any CPU
		{5AE75EAB-02BB-4BAB-ACC0-75C9D46A6D57}.Release|x86.Build.0 = Release|Any CPU
		{1B0FF878-A233-4714-B4A4-C6BCA1B231F8}.Debug|Any CPU.ActiveCfg = Debug|Any CPU
		{1B0FF878-A233-4714-B4A4-C6BCA1B231F8}.Debug|Any CPU.Build.0 = Debug|Any CPU
		{1B0FF878-A233-4714-B4A4-C6BCA1B231F8}.Debug|ARM.ActiveCfg = Debug|Any CPU
		{1B0FF878-A233-4714-B4A4-C6BCA1B231F8}.Debug|ARM.Build.0 = Debug|Any CPU
		{1B0FF878-A233-4714-B4A4-C6BCA1B231F8}.Debug|x64.ActiveCfg = Debug|Any CPU
		{1B0FF878-A233-4714-B4A4-C6BCA1B231F8}.Debug|x64.Build.0 = Debug|Any CPU
		{1B0FF878-A233-4714-B4A4-C6BCA1B231F8}.Debug|x86.ActiveCfg = Debug|Any CPU
		{1B0FF878-A233-4714-B4A4-C6BCA1B231F8}.Debug|x86.Build.0 = Debug|Any CPU
		{1B0FF878-A233-4714-B4A4-C6BCA1B231F8}.Release|Any CPU.ActiveCfg = Release|Any CPU
		{1B0FF878-A233-4714-B4A4-C6BCA1B231F8}.Release|Any CPU.Build.0 = Release|Any CPU
		{1B0FF878-A233-4714-B4A4-C6BCA1B231F8}.Release|ARM.ActiveCfg = Release|Any CPU
		{1B0FF878-A233-4714-B4A4-C6BCA1B231F8}.Release|ARM.Build.0 = Release|Any CPU
		{1B0FF878-A233-4714-B4A4-C6BCA1B231F8}.Release|x64.ActiveCfg = Release|Any CPU
		{1B0FF878-A233-4714-B4A4-C6BCA1B231F8}.Release|x64.Build.0 = Release|Any CPU
		{1B0FF878-A233-4714-B4A4-C6BCA1B231F8}.Release|x86.ActiveCfg = Release|Any CPU
		{1B0FF878-A233-4714-B4A4-C6BCA1B231F8}.Release|x86.Build.0 = Release|Any CPU
	EndGlobalSection
	GlobalSection(SolutionProperties) = preSolution
		HideSolutionNode = FALSE
	EndGlobalSection
EndGlobal
